{
    "name": "edeno-aidai",
    "version": "2.0.0",
    "lockfileVersion": 3,
    "requires": true,
    "packages": {
        "": {
            "name": "edeno-aidai",
            "version": "2.0.0",
            "dependencies": {
                "dexie": "^4.0.11",
                "vue": "^3.5.13",
                "vue-router": "^4.5.0"
            },
            "devDependencies": {
                "@vitejs/plugin-vue": "^6.0.0",
                "sass-embedded": "^1.85.0",
                "vite": "^7.0.0",
                "workbox-cacheable-response": "^7.3.0",
                "workbox-core": "^7.3.0",
                "workbox-expiration": "^7.3.0",
                "workbox-precaching": "^7.3.0",
                "workbox-range-requests": "^7.3.0",
                "workbox-routing": "^7.3.0",
                "workbox-strategies": "^7.3.0"
            }
        },
        "node_modules/@babel/helper-string-parser": {
            "version": "7.29.7",
            "resolved": "https://registry.npmjs.org/@babel/helper-string-parser/-/helper-string-parser-7.29.7.tgz",
            "integrity": "sha512-Pb5ijPrZ89GDH8223L4UP8i6QApWxs04RbPQJTeWDV0/keR2E36MeKnyr6LYmUUvqRRI+Iv87SuF1W6ErINzYw==",
            "license": "MIT",
            "engines": {
                "node": ">=6.9.0"
            }
        },
        "node_modules/@babel/helper-validator-identifier": {
            "version": "7.29.7",
            "resolved": "https://registry.npmjs.org/@babel/helper-validator-identifier/-/helper-validator-identifier-7.29.7.tgz",
            "integrity": "sha512-qehxGkRj55h/ff8EMaJ+cYhyaKlHIxqYDn682wQD7RNp9UujOQsHog2uS0r2vzr4pW+sXf90NeeayjcNaX3fFg==",
            "license": "MIT",
            "engines": {
                "node": ">=6.9.0"
            }
        },
        "node_modules/@babel/parser": {
            "version": "7.29.7",
            "resolved": "https://registry.npmjs.org/@babel/parser/-/parser-7.29.7.tgz",
            "integrity": "sha512-hnORnjP/1P/zFEndoeX+n+t1RwWRJiJpM/jO7FW32Kn9r5+sJB2JWOdYo4L6k78j15eCwY3Gm/7364B1EMwtNg==",
            "license": "MIT",
            "dependencies": {
                "@babel/types": "^7.29.7"
            },
            "bin": {
                "parser": "bin/babel-parser.js"
            },
            "engines": {
                "node": ">=6.0.0"
            }
        },
        "node_modules/@babel/types": {
            "version": "7.29.7",
            "resolved": "https://registry.npmjs.org/@babel/types/-/types-7.29.7.tgz",
            "integrity": "sha512-4zBIxpPzowiZpusoFkyGVwakdRJUyuH5PxQ/PrqghfdFWWasvnCdPfQXHrenDai+gyLARulZjZowCOj6fjT4pA==",
            "license": "MIT",
            "dependencies": {
                "@babel/helper-string-parser": "^7.29.7",
                "@babel/helper-validator-identifier": "^7.29.7"
            },
            "engines": {
                "node": ">=6.9.0"
            }
        },
        "node_modules/@bufbuild/protobuf": {
            "version": "2.12.1",
            "resolved": "https://registry.npmjs.org/@bufbuild/protobuf/-/protobuf-2.12.1.tgz",
            "integrity": "sha512-BvAMfS6LrgZiryOAZ4pBYucu4wG/Ei/9o9DZ9akbREnMLbPJiom2i8b9C8IsKErQoiKqVhrerzt3kOT/RrzLHg==",
            "dev": true,
            "license": "(Apache-2.0 AND BSD-3-Clause)"
        },
        "node_modules/@esbuild/aix-ppc64": {
            "version": "0.28.1",
            "resolved": "https://registry.npmjs.org/@esbuild/aix-ppc64/-/aix-ppc64-0.28.1.tgz",
            "integrity": "sha512-Svl7tq8k/08+p6CXPpRjQ1fKX+1odH/BQbb48fV6fj3CWHhsoIOoY87w1oHXm0qEpkIK3ZfVgp0hed3XBXzXMQ==",
            "cpu": [
                "ppc64"
            ],
            "dev": true,
            "license": "MIT",
            "optional": true,
            "os": [
                "aix"
            ],
            "engines": {
                "node": ">=18"
            }
        },
        "node_modules/@esbuild/android-arm": {
            "version": "0.28.1",
            "resolved": "https://registry.npmjs.org/@esbuild/android-arm/-/android-arm-0.28.1.tgz",
            "integrity": "sha512-0k2F129Xdio1TdJfzJ8sy1Q47vUD2NnwdhiAf7drUN1EBTfPf4hsFCtmMgu/6m8JSzsBrlmVjudMBQqOfG8usQ==",
            "cpu": [
                "arm"
            ],
            "dev": true,
            "license": "MIT",
            "optional": true,
            "os": [
                "android"
            ],
            "engines": {
                "node": ">=18"
            }
        },
        "node_modules/@esbuild/android-arm64": {
            "version": "0.28.1",
            "resolved": "https://registry.npmjs.org/@esbuild/android-arm64/-/android-arm64-0.28.1.tgz",
            "integrity": "sha512-34EGEbCIAgosYz6goLcopX6Mo7NyGv9tfwEM2/7Ce2VcVRk568iSvniGWcUXIy7wEDR1wzolcxcriFVrWYcwBg==",
            "cpu": [
                "arm64"
            ],
            "dev": true,
            "license": "MIT",
            "optional": true,
            "os": [
                "android"
            ],
            "engines": {
                "node": ">=18"
            }
        },
        "node_modules/@esbuild/android-x64": {
            "version": "0.28.1",
            "resolved": "https://registry.npmjs.org/@esbuild/android-x64/-/android-x64-0.28.1.tgz",
            "integrity": "sha512-dbwY7ltSMDWsRatcRpCnES4F+im88OCUgGZjy52shC7GqHRE/cYlxNbB4Z4UpJswpcc4Qxd2oE/ufM0p61IKng==",
            "cpu": [
                "x64"
            ],
            "dev": true,
            "license": "MIT",
            "optional": true,
            "os": [
                "android"
            ],
            "engines": {
                "node": ">=18"
            }
        },
        "node_modules/@esbuild/darwin-arm64": {
            "version": "0.28.1",
            "resolved": "https://registry.npmjs.org/@esbuild/darwin-arm64/-/darwin-arm64-0.28.1.tgz",
            "integrity": "sha512-TZbWkQY7kvTAXbXUT7uVACR5cMHsDiSz9z7ZKAX/RTq/WJEk3QyRr0wZpNhBDX+/0CtdqUIJlOiodQcta6tY3Q==",
            "cpu": [
                "arm64"
            ],
            "dev": true,
            "license": "MIT",
            "optional": true,
            "os": [
                "darwin"
            ],
            "engines": {
                "node": ">=18"
            }
        },
        "node_modules/@esbuild/darwin-x64": {
            "version": "0.28.1",
            "resolved": "https://registry.npmjs.org/@esbuild/darwin-x64/-/darwin-x64-0.28.1.tgz",
            "integrity": "sha512-zfdzgK9ACBNZLI/CyHTOx81SyNbM6YXn7rxSgX97VjyiPl9W1i4Ka4fgKECEoFCKGpvBj5qArWIGgQjOwkgskQ==",
            "cpu": [
                "x64"
            ],
            "dev": true,
            "license": "MIT",
            "optional": true,
            "os": [
                "darwin"
            ],
            "engines": {
                "node": ">=18"
            }
        },
        "node_modules/@esbuild/freebsd-arm64": {
            "version": "0.28.1",
            "resolved": "https://registry.npmjs.org/@esbuild/freebsd-arm64/-/freebsd-arm64-0.28.1.tgz",
            "integrity": "sha512-wG2EA8ENdEI0qhkSZMjfqrdY+ziCYCPMmtZjjIwOmXFjmyzEHn+UUxk5of+SYsjtfs3VpnlC7QLzSI5hY/rOAw==",
            "cpu": [
                "arm64"
            ],
            "dev": true,
            "license": "MIT",
            "optional": true,
            "os": [
                "freebsd"
            ],
            "engines": {
                "node": ">=18"
            }
        },
        "node_modules/@esbuild/freebsd-x64": {
            "version": "0.28.1",
            "resolved": "https://registry.npmjs.org/@esbuild/freebsd-x64/-/freebsd-x64-0.28.1.tgz",
            "integrity": "sha512-i7dZ9vQgnvSCzi/rYCXNgtF/U+eKZNJBzu3eTQbRgHnM7tNSizLOkRFAl3qzVc/Op/u5YkHHa4pf/3DOYHthLQ==",
            "cpu": [
                "x64"
            ],
            "dev": true,
            "license": "MIT",
            "optional": true,
            "os": [
                "freebsd"
            ],
            "engines": {
                "node": ">=18"
            }
        },
        "node_modules/@esbuild/linux-arm": {
            "version": "0.28.1",
            "resolved": "https://registry.npmjs.org/@esbuild/linux-arm/-/linux-arm-0.28.1.tgz",
            "integrity": "sha512-qVXBOHQS+d5Y722GwJzJUtOLlX7km3CraOaGormF1pDtPd2C/l1SHRPgjLunLGe51Sh5YYWKMFDyV4SxgMQYTQ==",
            "cpu": [
                "arm"
            ],
            "dev": true,
            "license": "MIT",
            "optional": true,
            "os": [
                "linux"
            ],
            "engines": {
                "node": ">=18"
            }
        },
        "node_modules/@esbuild/linux-arm64": {
            "version": "0.28.1",
            "resolved": "https://registry.npmjs.org/@esbuild/linux-arm64/-/linux-arm64-0.28.1.tgz",
            "integrity": "sha512-yHs+0uc8+nvEAfAfxrWQKK5peSNzBc4PegcMO0EJ2hT71uA7vB8Ihg2e77R2P7SG5uYjPbHlLLmve4LLLRCf0g==",
            "cpu": [
                "arm64"
            ],
            "dev": true,
            "license": "MIT",
            "optional": true,
            "os": [
                "linux"
            ],
            "engines": {
                "node": ">=18"
            }
        },
        "node_modules/@esbuild/linux-ia32": {
            "version": "0.28.1",
            "resolved": "https://registry.npmjs.org/@esbuild/linux-ia32/-/linux-ia32-0.28.1.tgz",
            "integrity": "sha512-d1z4ZuP0ajrfz/FhGT4vv278rX8KnPPJx8i5+AtK7TYbx9Le9F1hyzurZpkEyjkGa9dUGhQow4C1NmeGvqxN2w==",
            "cpu": [
                "ia32"
            ],
            "dev": true,
            "license": "MIT",
            "optional": true,
            "os": [
                "linux"
            ],
            "engines": {
                "node": ">=18"
            }
        },
        "node_modules/@esbuild/linux-loong64": {
            "version": "0.28.1",
            "resolved": "https://registry.npmjs.org/@esbuild/linux-loong64/-/linux-loong64-0.28.1.tgz",
            "integrity": "sha512-M5sRjUVZrkm1OAPR3dlOYzNmN+loZKGVi1VUQGrwuqLcbR6qeAz+famMhjASeH3YVKvZz+zT1jlh/keC3Rj/lg==",
            "cpu": [
                "loong64"
            ],
            "dev": true,
            "license": "MIT",
            "optional": true,
            "os": [
                "linux"
            ],
            "engines": {
                "node": ">=18"
            }
        },
        "node_modules/@esbuild/linux-mips64el": {
            "version": "0.28.1",
            "resolved": "https://registry.npmjs.org/@esbuild/linux-mips64el/-/linux-mips64el-0.28.1.tgz",
            "integrity": "sha512-mRObBZeHh2OxcBFPWE/FjylkRgZdYuiTR3vaTozquCGOH14iP9oN4x4Ge81CoIDYQrXmIxpFumJBu5MtZpnQJQ==",
            "cpu": [
                "mips64el"
            ],
            "dev": true,
            "license": "MIT",
            "optional": true,
            "os": [
                "linux"
            ],
            "engines": {
                "node": ">=18"
            }
        },
        "node_modules/@esbuild/linux-ppc64": {
            "version": "0.28.1",
            "resolved": "https://registry.npmjs.org/@esbuild/linux-ppc64/-/linux-ppc64-0.28.1.tgz",
            "integrity": "sha512-slScBsMAb3GFDcdrCgLwZtPYRoH2H/youv10QiZyRjmsP48fznoveWytSgCI/R0ZcUgpc0ZhIUEx6LHts8yrfQ==",
            "cpu": [
                "ppc64"
            ],
            "dev": true,
            "license": "MIT",
            "optional": true,
            "os": [
                "linux"
            ],
            "engines": {
                "node": ">=18"
            }
        },
        "node_modules/@esbuild/linux-riscv64": {
            "version": "0.28.1",
            "resolved": "https://registry.npmjs.org/@esbuild/linux-riscv64/-/linux-riscv64-0.28.1.tgz",
            "integrity": "sha512-kw0owk1o0GFETUJyW0jc0G4Yzs0BHZn0JDZ8JRT088vjJYX777BAs1fDGxAC+q831qOs2DTC96mNsG2opdfyyQ==",
            "cpu": [
                "riscv64"
            ],
            "dev": true,
            "license": "MIT",
            "optional": true,
            "os": [
                "linux"
            ],
            "engines": {
                "node": ">=18"
            }
        },
        "node_modules/@esbuild/linux-s390x": {
            "version": "0.28.1",
            "resolved": "https://registry.npmjs.org/@esbuild/linux-s390x/-/linux-s390x-0.28.1.tgz",
            "integrity": "sha512-/lAIjX8aYFRByhh6L5rYtPEDRqa9de/4V/juOXcta5frjvzXO4/sqEtyytse0g3zZFuWu5cDN0MkLz2qRDD2Ag==",
            "cpu": [
                "s390x"
            ],
            "dev": true,
            "license": "MIT",
            "optional": true,
            "os": [
                "linux"
            ],
            "engines": {
                "node": ">=18"
            }
        },
        "node_modules/@esbuild/linux-x64": {
            "version": "0.28.1",
            "resolved": "https://registry.npmjs.org/@esbuild/linux-x64/-/linux-x64-0.28.1.tgz",
            "integrity": "sha512-u/anNYF2mmVOEDwLtnQ1wOr3EZ9sTNGLWrsYGYwHWzGA3Si84IOkHXlbWTD1NB+9/1lcnweYKO54uhxZydNzfA==",
            "cpu": [
                "x64"
            ],
            "dev": true,
            "license": "MIT",
            "optional": true,
            "os": [
                "linux"
            ],
            "engines": {
                "node": ">=18"
            }
        },
        "node_modules/@esbuild/netbsd-arm64": {
            "version": "0.28.1",
            "resolved": "https://registry.npmjs.org/@esbuild/netbsd-arm64/-/netbsd-arm64-0.28.1.tgz",
            "integrity": "sha512-oks0DYbLwWMmaakTsCb+zL4E+aHRVLom9IJZOAthMQEPiQmydXHkziYEsGYRx0uNV/IjEKGAV941JzH02pflqw==",
            "cpu": [
                "arm64"
            ],
            "dev": true,
            "license": "MIT",
            "optional": true,
            "os": [
                "netbsd"
            ],
            "engines": {
                "node": ">=18"
            }
        },
        "node_modules/@esbuild/netbsd-x64": {
            "version": "0.28.1",
            "resolved": "https://registry.npmjs.org/@esbuild/netbsd-x64/-/netbsd-x64-0.28.1.tgz",
            "integrity": "sha512-aeL6lAnN89Hz43Mlh1G8ARasbuoYvSITDEx0tHh5b7jJnHcssqgjy9Yx430GDpmCa6OyrKoS0aNRjKundRizGg==",
            "cpu": [
                "x64"
            ],
            "dev": true,
            "license": "MIT",
            "optional": true,
            "os": [
                "netbsd"
            ],
            "engines": {
                "node": ">=18"
            }
        },
        "node_modules/@esbuild/openbsd-arm64": {
            "version": "0.28.1",
      ÛN¶ÚÚ$z{-®éÜj×&VFFVBÖÆ–çW‚Ö×W6Â×&—67ccBòÒ÷672ÖVÖ&VFFVBÖÆ–çW‚Ö×W6Â×&—67ccBÓããçFw¢"ÀÐ¢&–çFVw&—G’#¢'6†S"Õ6‡d“·ƒF×vô4'u£V¦•C“v—5g¤óƒDC“¦Ôg”„Äã–¶VÆ2ô—%““Cf%6Ó'…e4¶FUg–TsV´'6öµ7•ÓÒ"ÀÐ¢&7R#¢°Ð¢'&—67ccB Ð¢ÒÀÐ¢&FWb#¢G'VRÀÐ¢&Æ–6Vç6R#¢$Ô•B"ÀÐ¢&÷F–öæÂ#¢G'VRÀÐ¢&÷2#¢°Ð¢&Æ–çW‚ Ð¢ÒÀÐ¢&Væv–æW2#¢°Ð¢&æöFR#¢#ãÓBãã Ð¢ÐÐ¢ÒÀÐ¢&æöFUöÖöGVÆW2÷672ÖVÖ&VFFVBÖÆ–çW‚Ö×W6Â×ƒcB#¢°Ð¢'fW'6–öâ#¢#ãã"ÀÐ¢'&W6öÇfVB#¢&‡GG3¢ò÷&Vv—7G'’æçÖ§2æ÷&r÷672ÖVÖ&VFFVBÖÆ–çW‚Ö×W6Â×ƒcBòÒ÷672ÖVÖ&VFFVBÖÆ–çW‚Ö×W6Â×ƒcBÓããçFw¢"ÀÐ¢&–çFVw&—G’#¢'6†S"ÕDD$5%tçU3E$DÅ‡e&3v¥¦Åv•uEvtw'wRô”·t§†÷cƒÇ7g$735F–…G”å‡EsucVôãD·“7#ö´æ#6×vÔ&äÓÒ"ÀÐ¢&7R#¢°Ð¢'ƒcB Ð¢ÒÀÐ¢&FWb#¢G'VRÀÐ¢&Æ–6Vç6R#¢$Ô•B"ÀÐ¢&÷F–öæÂ#¢G'VRÀÐ¢&÷2#¢°Ð¢&Æ–çW‚ Ð¢ÒÀÐ¢&Væv–æW2#¢°Ð¢&æöFR#¢#ãÓBãã Ð¢ÐÐ¢ÒÀÐ¢&æöFUöÖöGVÆW2÷672ÖVÖ&VFFVBÖÆ–çW‚×&—67ccB#¢°Ð¢'fW'6–öâ#¢#ãã"ÀÐ¢'&W6öÇfVB#¢&‡GG3¢ò÷&Vv—7G'’æçÖ§2æ÷&r÷672ÖVÖ&VFFVBÖÆ–çW‚×&—67ccBòÒ÷672ÖVÖ&VFFVBÖÆ–çW‚×&—67ccBÓããçFw¢"ÀÐ¢&–çFVw&—G’#¢'6†S"Ö£DTä¤tö†Tò¶fÓ6¢÷–÷$Ç„6¤%bõ‡6·%§ƒvEDÆÅB¶Å…—tâ÷7ôöw4äÄ“Ö534DdÓdt'u–fg¥w6Eu3‡Cg4UÓÒ"ÀÐ¢&7R#¢°Ð¢'&—67ccB Ð¢ÒÀÐ¢&FWb#¢G'VRÀÐ¢&Æ–6Vç6R#¢$Ô•B"ÀÐ¢&÷F–öæÂ#¢G'VRÀÐ¢&÷2#¢°Ð¢&Æ–çW‚ Ð¢ÒÀÐ¢&Væv–æW2#¢°Ð¢&æöFR#¢#ãÓBãã Ð¢ÐÐ¢ÒÀÐ¢&æöFUöÖöGVÆW2÷672ÖVÖ&VFFVBÖÆ–çW‚×ƒcB#¢°Ð¢'fW'6–öâ#¢#ãã"ÀÐ¢'&W6öÇfVB#¢&‡GG3¢ò÷&Vv—7G'’æçÖ§2æ÷&r÷672ÖVÖ&VFFVBÖÆ–çW‚×ƒcBòÒ÷672ÖVÖ&VFFVBÖÆ–çW‚×ƒcBÓããçFw¢"ÀÐ¢&–çFVw&—G’#¢'6†S"ÓeU4ã†£twD4¤”õ‚òôVÕWe”t…söSV—VÃ‡–…³SÔ7sC”Ô#3D†gF¤FGƒ“D”Åcgdg3wt…&ÇdÓÒ"ÀÐ¢&7R#¢°Ð¢'ƒcB Ð¢ÒÀÐ¢&FWb#¢G'VRÀÐ¢&Æ–6Vç6R#¢$Ô•B"ÀÐ¢&÷F–öæÂ#¢G'VRÀÐ¢&÷2#¢°Ð¢&Æ–çW‚ Ð¢ÒÀÐ¢&Væv–æW2#¢°Ð¢&æöFR#¢#ãÓBãã Ð¢ÐÐ¢ÒÀÐ¢&æöFUöÖöGVÆW2÷672ÖVÖ&VFFVB×Væ¶æ÷vâÖÆÂ#¢°Ð¢'fW'6–öâ#¢#ãã"ÀÐ¢'&W6öÇfVB#¢&‡GG3¢ò÷&Vv—7G'’æçÖ§2æ÷&r÷672ÖVÖ&VFFVB×Væ¶æ÷vâÖÆÂòÒ÷672ÖVÖ&VFFVB×Væ¶æ÷vâÖÆÂÓããçFw¢"ÀÐ¢&–çFVw&—G’#¢'6†S"Ö2¶æ&ut–CDÔ—Fõ†4“FwWF¦D·uED„dTö'£t…U„ÆG”sõ¥'$We76&SCäVEô´ƒfvöedd6U5võ„ôs”ÓÒ"ÀÐ¢&FWb#¢G'VRÀÐ¢&Æ–6Vç6R#¢$Ô•B"ÀÐ¢&÷F–öæÂ#¢G'VRÀÐ¢&÷2#¢°Ð¢"æG&ö–B"ÀÐ¢"F'v–â"ÀÐ¢"Æ–çW‚"ÀÐ¢"v–ã3" Ð¢ÒÀÐ¢&FWVæFVæ6–W2#¢°Ð¢'672#¢#ãã Ð¢ÐÐ¢ÒÀÐ¢&æöFUöÖöGVÆW2÷672ÖVÖ&VFFVB×v–ã3"Ö&ÓcB#¢°Ð¢'fW'6–öâ#¢#ãã"ÀÐ¢'&W6öÇfVB#¢&‡GG3¢ò÷&Vv—7G'’æçÖ§2æ÷&r÷672ÖVÖ&VFFVB×v–ã3"Ö&ÓcBòÒ÷672ÖVÖ&VFFVB×v–ã3"Ö&ÓcBÓããçFw¢"ÀÐ¢&–çFVw&—G’#¢'6†S"Ö”R·—†¢¶…U‡wv'†µ‡†tuG¦U&f5w„£u55EUÖ³C†Çw6ô7%tÆÇ£W5Ut†'UD²ö“tµe$öE¶„öÕ“ƒ—–¥VsÓÒ"ÀÐ¢&7R#¢°Ð¢&&ÓcB Ð¢ÒÀÐ¢&FWb#¢G'VRÀÐ¢&Æ–6Vç6R#¢$Ô•B"ÀÐ¢&÷F–öæÂ#¢G'VRÀÐ¢&÷2#¢°Ð¢'v–ã3" Ð¢ÒÀÐ¢&Væv–æW2#¢°Ð¢&æöFR#¢#ãÓBãã Ð¢ÐÐ¢ÒÀÐ¢&æöFUöÖöGVÆW2÷672ÖVÖ&VFFVB×v–ã3"×ƒcB#¢°Ð¢'fW'6–öâ#¢#ãã"ÀÐ¢'&W6öÇfVB#¢&‡GG3¢ò÷&Vv—7G'’æçÖ§2æ÷&r÷672ÖVÖ&VFFVB×v–ã3"×ƒcBòÒ÷672ÖVÖ&VFFVB×v–ã3"×ƒcBÓããçFw¢"ÀÐ¢&–çFVw&—G’#¢'6†S"×“Dc„Ô“rôµ–÷“”æF¤¦f…77sC%u´E4äGgtUcwwd54d3ƒ6¶ô§75'4´ó"õe’¶æ•§£d$scT–2ôB´ƒ“S–‡sÓÒ"ÀÐ¢&7R#¢°Ð¢'ƒcB Ð¢ÒÀÐ¢&FWb#¢G'VRÀÐ¢&Æ–6Vç6R#¢$Ô•B"ÀÐ¢&÷F–öæÂ#¢G'VRÀÐ¢&÷2#¢°Ð¢'v–ã3" Ð¢ÒÀÐ¢&Væv–æW2#¢°Ð¢&æöFR#¢#ãÓBãã Ð¢ÐÐ¢ÒÀÐ¢&æöFUöÖöGVÆW2÷6÷W&6RÖÖÖ§2#¢°Ð¢'fW'6–öâ#¢#ã"ã"ÀÐ¢'&W6öÇfVB#¢&‡GG3¢ò÷&Vv—7G'’æçÖ§2æ÷&r÷6÷W&6RÖÖÖ§2òÒ÷6÷W&6RÖÖÖ§2Óã"ãçFw¢"ÀÐ¢&–çFVw&—G’#¢'6†S"ÕU…tÔ¶„Ä÷ud¶#s#„•WE‡†e•R·W6G–'EW$²ó‡TtS„5×g&„÷wg¤D'v£…4ÃtÕ3wd—4•4$s…e‚´”E‡eÓÒ"ÀÐ¢&Æ–6Vç6R#¢$%4BÓ2Ô6ÆW6R"ÀÐ¢&Væv–æW2#¢°Ð¢&æöFR#¢#ãÓãã Ð¢ÐÐ¢ÒÀÐ¢&æöFUöÖöGVÆW2÷7W÷'G2Ö6öÆ÷"#¢°Ð¢'fW'6–öâ#¢#‚ãã"ÀÐ¢'&W6öÇfVB#¢&‡GG3¢ò÷&Vv—7G'’æçÖ§2æ÷&r÷7W÷'G2Ö6öÆ÷"òÒ÷7W÷'G2Ö6öÆ÷"Ó‚ããçFw¢"ÀÐ¢&–çFVw&—G’#¢'6†S"Ô×TTã$ööGEW§‡dµÃs&5Tcu%TV”‡4we75ds––3U&%ttÃ$4“D3tW3…UD$—ÆæÇ¥¦”çUcSgr´gTç‡“7G“%ÓÒ"ÀÐ¢&FWb#¢G'VRÀÐ¢&Æ–6Vç6R#¢$Ô•B"ÀÐ¢&FWVæFVæ6–W2#¢°Ð¢&†2ÖfÆr#¢%ãBãã Ð¢ÒÀÐ¢&Væv–æW2#¢°Ð¢&æöFR#¢#ãÓ Ð¢ÒÀÐ¢&gVæF–ær#¢°Ð¢'W&Â#¢&‡GG3¢òöv—F‡V"æ6öÒö6†Æ²÷7W÷'G2Ö6öÆ÷#÷7öç6÷#Ó Ð¢ÐÐ¢ÒÀÐ¢&æöFUöÖöGVÆW2÷7–æ2Ö6†–ÆB×&ö6W72#¢°Ð¢'fW'6–öâ#¢#ãã""ÀÐ¢'&W6öÇfVB#¢&‡GG3¢ò÷&Vv—7G'’æçÖ§2æ÷&r÷7–æ2Ö6†–ÆB×&ö6W72òÒ÷7–æ2Ö6†–ÆB×&ö6W72Óãã"çFw¢"ÀÐ¢&–çFVw&—G’#¢'6†S"Ó†ÄB·C$·'%64¢ótµ„57–f…C2ö…'s‡$3t$gä¥‡c6Õ§–ãf…s'—ÓT¦ÖÅ7gG&&Wf§“Fô†'„#'e—4£‡dDÓÒ"ÀÐ¢&FWb#¢G'VRÀÐ¢&Æ–6Vç6R#¢$Ô•B"ÀÐ¢&FWVæFVæ6–W2#¢°Ð¢'7–æ2ÖÖW76vR×÷'B#¢%ããã Ð¢ÒÀÐ¢&Væv–æW2#¢°Ð¢&æöFR#¢#ãÓbãã Ð¢ÐÐ¢ÒÀÐ¢&æöFUöÖöGVÆW2÷7–æ2ÖÖW76vR×÷'B#¢°Ð¢'fW'6–öâ#¢#ã"ã"ÀÐ¢'&W6öÇfVB#¢&‡GG3¢ò÷&Vv—7G'’æçÖ§2æ÷&r÷7–æ2ÖÖW76vR×÷'BòÒ÷7–æ2ÖÖW76vR×÷'BÓã"ãçFw¢"ÀÐ¢&–çFVw&—G’#¢'6†S"Öt—%TâõT7—‡Dtf&&Su&2öc–'¤óƒ„—w$s…DFòöÔ´·”CdS5sD6ÓVf†d&#e£e4·CS—ED5FdB¶ã†ÔdÖsÓÒ"ÀÐ¢&FWb#¢G'VRÀÐ¢&Æ–6Vç6R#¢$Ô•B"ÀÐ¢&Væv–æW2#¢°Ð¢&æöFR#¢#ãÓbãã Ð¢ÐÐ¢ÒÀÐ¢&æöFUöÖöGVÆW2÷F–ç–vÆö&'’#¢°Ð¢'fW'6–öâ#¢#ã"ãr"ÀÐ¢'&W6öÇfVB#¢&‡GG3¢ò÷&Vv—7G'’æçÖ§2æ÷&r÷F–ç–vÆö&'’òÒ÷F–ç–vÆö&'’Óã"ãrçFw¢"ÀÐ¢&–çFVw&—G’#¢'6†S"×u…"öE—7¶ÖewVE¦¦”´¤÷t4äfæDCDÖç%rö5–¥dwGDV´&efv4Äd†ôç&Æ£CvÖ¤õf–3——”çScVÇ6tcDå•F&sÓÒ"ÀÐ¢&FWb#¢G'VRÀÐ¢&Æ–6Vç6R#¢$Ô•B"ÀÐ¢&FWVæFVæ6–W2#¢°Ð¢&fF—"#¢%ãbãRã"ÀÐ¢'–6öÖF6‚#¢%ãBããB Ð¢ÒÀÐ¢&Væv–æW2#¢°Ð¢&æöFR#¢#ãÓ"ãã Ð¢ÒÀÐ¢&gVæF–ær#¢°Ð¢'W&Â#¢&‡GG3¢òöv—F‡V"æ6öÒ÷7öç6÷'2õ7WW&6‡WTFWb Ð¢ÐÐ¢ÒÀÐ¢&æöFUöÖöGVÆW2÷G6Æ–"#¢°Ð¢'fW'6–öâ#¢#"ã‚ã"ÀÐ¢'&W6öÇfVB#¢&‡GG3¢ò÷&Vv—7G'’æçÖ§2æ÷&r÷G6Æ–"òÒ÷G6Æ–"Ó"ã‚ãçFw¢"ÀÐ¢&–çFVw&—G’#¢'6†S"Öô¤gS“D…"´µfGU5UÃwvç×æfÔÇ4ôöäƒf#dTƒt4Vô³öÕU…Sf37t´Ecƒ4Ö´÷T…$‡E5„´µS“””&¥2ó'sÓÒ"ÀÐ¢&FWb#¢G'VRÀÐ¢&Æ–6Vç6R#¢#%4B Ð¢ÒÀÐ¢&æöFUöÖöGVÆW2÷f&–çB#¢°Ð¢'fW'6–öâ#¢#bãã"ÀÐ¢'&W6öÇfVB#¢&‡GG3¢ò÷&Vv—7G'’æçÖ§2æ÷&r÷f&–çBòÒ÷f&–çBÓbããçFw¢"ÀÐ¢&–çFVw&—G’#¢'6†S"Ö5„T•sf6g#VÄgcSc6³DwUgUröf—v¦¶ç—DC3v¤”ôÅ6E5wTô“eväòöô·vÕ$eES&ÃÅ‚ôÓUE4§¥VvS7UvsÓÒ"ÀÐ¢&FWb#¢G'VRÀÐ¢&Æ–6Vç6R#¢$Ô•B Ð¢ÒÀÐ¢&æöFUöÖöGVÆW2÷f—FR#¢°Ð¢'fW'6–öâ#¢#rã2ãb"ÀÐ¢'&W6öÇfVB#¢&‡GG3¢ò÷&Vv—7G'’æçÖ§2æ÷&r÷f—FRòÒ÷f—FRÓrã2ãbçFw¢"ÀÐ¢&–çFVw&—G’#¢'6†S"ÓE…c7$v¥5¤fc”‚¶D¤–´³'¦äÃ7¥fÃ”¶´õc”Ö¶µ%"ó4FÇ3G†'5FÆôV3T$Å…uÃ—g4÷†÷‡”¶ôÖÔGVVsÓÒ"ÀÐ¢&FWb#¢G'VRÀÐ¢&Æ–6Vç6R#¢$Ô•B"ÀÐ¢&FWVæFVæ6–W2#¢°Ð¢&W6'V–ÆB#¢%ãã#rãÇÂãã#‚ã"ÀÐ¢&fF—"#¢%ãbãRã"ÀÐ¢'–6öÖF6‚#¢%ãBãã2"ÀÐ¢'÷7F772#¢%ã‚ãRãb"ÀÐ¢'&öÆÇW#¢%ãBãC2ã"ÀÐ¢'F–ç–vÆö&'’#¢%ãã"ãR Ð¢ÒÀÐ¢&&–â#¢°Ð¢'f—FR#¢&&–â÷f—FRæ§2 Ð¢ÒÀÐ¢&Væv–æW2#¢°Ð¢&æöFR#¢%ã#ã’ãÇÂãÓ#"ã"ã Ð¢ÒÀÐ¢&gVæF–ær#¢°Ð¢'W&Â#¢&‡GG3¢òöv—F‡V"æ6öÒ÷f—FV§2÷f—FS÷7öç6÷#Ó Ð¢ÒÀÐ¢&÷F–öæÄFWVæFVæ6–W2#¢°Ð¢&g6WfVçG2#¢'ã"ã2ã2 Ð¢ÒÀÐ¢'VW$FWVæFVæ6–W2#¢°Ð¢$G—W2öæöFR#¢%ã#ã’ãÇÂãÓ#"ã"ã"ÀÐ¢&¦—F’#¢#ãÓã#ã"ÀÐ¢&ÆW72#¢%ãBãã"ÀÐ¢&Æ–v‡Fæ–æv772#¢%ãã#ã"ÀÐ¢'672#¢%ããsã"ÀÐ¢'672ÖVÖ&VFFVB#¢%ããsã"ÀÐ¢'7G–ÇW2#¢#ãÓãSBã‚"ÀÐ¢'7Vv'72#¢%ãRãã"ÀÐ¢'FW'6W"#¢%ãRãbã"ÀÐ¢'G7‚#¢%ãBã‚ã"ÀÐ¢'–ÖÂ#¢%ã"ãBã" Ð¢ÒÀÐ¢'VW$FWVæFVæ6–W4ÖWF#¢°Ð¢$G—W2öæöFR#¢°Ð¢&÷F–öæÂ#¢G'VPÐ¢ÒÀÐ¢&¦—F’#¢°Ð¢&÷F–öæÂ#¢G'VPÐ¢ÒÀÐ¢&ÆW72#¢°Ð¢&÷F–öæÂ#¢G'VPÐ¢ÒÀÐ¢&Æ–v‡Fæ–æv772#¢°Ð¢&÷F–öæÂ#¢G'VPÐ¢ÒÀÐ¢'672#¢°Ð¢&÷F–öæÂ#¢G'VPÐ¢ÒÀÐ¢'672ÖVÖ&VFFVB#¢°Ð¢&÷F–öæÂ#¢G'VPÐ¢ÒÀÐ¢'7G–ÇW2#¢°Ð¢&÷F–öæÂ#¢G'VPÐ¢ÒÀÐ¢'7Vv'72#¢°Ð¢&÷F–öæÂ#¢G'VPÐ¢ÒÀÐ¢'FW'6W"#¢°Ð¢&÷F–öæÂ#¢G'VPÐ¢ÒÀÐ¢'G7‚#¢°Ð¢&÷F–öæÂ#¢G'VPÐ¢ÒÀÐ¢'–ÖÂ#¢°Ð¢&÷F–öæÂ#¢G'VPÐ¢ÐÐ¢ÐÐ¢ÒÀÐ¢&æöFUöÖöGVÆW2÷gVR#¢°Ð¢'fW'6–öâ#¢#2ãRã3’"ÀÐ¢'&W6öÇfVB#¢&‡GG3¢ò÷&Vv—7G'’æçÖ§2æ÷&r÷gVRòÒ÷gVRÓ2ãRã3’çFw¢"ÀÐ¢&–çFVw&—G’#¢'6†S"×†Õ¤5–$dv6—%S‡#eGWfÂôÄ”63õSc#&çW¤DÂöC¦–v´st–…ÆG£%¥%—¥vSe•D†UƒtÖf¶ådÓÒ"ÀÐ¢&Æ–6Vç6R#¢$Ô•B"ÀÐ¢&FWVæFVæ6–W2#¢°Ð¢$gVRö6ö×–ÆW"ÖFöÒ#¢#2ãRã3’"ÀÐ¢$gVRö6ö×–ÆW"×6f2#¢#2ãRã3’"ÀÐ¢$gVR÷'VçF–ÖRÖFöÒ#¢#2ãRã3’"ÀÐ¢$gVR÷6W'fW"×&VæFW&W"#¢#2ãRã3’"ÀÐ¢$gVR÷6†&VB#¢#2ãRã3’ Ð¢ÒÀÐ¢'VW$FWVæFVæ6–W2#¢°Ð¢'G—W67&—B#¢"¢ Ð¢ÒÀÐ¢'VW$FWVæFVæ6–W4ÖWF#¢°Ð¢'G—W67&—B#¢°Ð¢&÷F–öæÂ#¢G'VPÐ¢ÐÐ¢ÐÐ¢ÒÀÐ¢&æöFUöÖöGVÆW2÷gVR×&÷WFW"#¢°Ð¢'fW'6–öâ#¢#BãbãB"ÀÐ¢'&W6öÇfVB#¢&‡GG3¢ò÷&Vv—7G'’æçÖ§2æ÷&r÷gVR×&÷WFW"òÒ÷gVR×&÷WFW"ÓBãbãBçFw¢"ÀÐ¢&–çFVw&—G’#¢'6†S"Ô‡£—W635–†GVvÇw£fs—6µC„ô%–’³F$fãƒ‡sd¢´£DÖdVóDµ%'Ö”ärö„„†¶F%$fÄÄ$÷„ã‡“†vc$f#ÕEVufsÓÒ"ÀÐ¢&Æ–6Vç6R#¢$Ô•B"ÀÐ¢&FWVæFVæ6–W2#¢°Ð¢$gVRöFWgFööÇ2Ö’#¢%ãbãbãB Ð¢ÒÀÐ¢&gVæF–ær#¢°Ð¢'W&Â#¢&‡GG3¢òöv—F‡V"æ6öÒ÷7öç6÷'2÷÷7f Ð¢ÒÀÐ¢'VW$FWVæFVæ6–W2#¢°Ð¢'gVR#¢%ã2ãRã Ð¢ÐÐ¢ÒÀÐ¢&æöFUöÖöGVÆW2÷v÷&¶&÷‚Ö66†V&ÆR×&W7öç6R#¢°Ð¢'fW'6–öâ#¢#rãBã"ÀÐ¢'&W6öÇfVB#¢&‡GG3¢ò÷&Vv—7G'’æçÖ§2æ÷&r÷v÷&¶&÷‚Ö66†V&ÆR×&W7öç6RòÒ÷v÷&¶&÷‚Ö66†V&ÆR×&W7öç6RÓrãBãçFw¢"ÀÐ¢&–çFVw&—G’#¢'6†S"Ó‡†fô¦DF3$ö§&Æ&$Ã6tVT$ót¶4×u'tÅ'Ww…•‡SsW•†¥ÇWw&%„×$”u§Uu•‡%v³„F¤÷…¢÷V¤7’öô¥—sÓÒ"ÀÐ¢&FWb#¢G'VRÀÐ¢&Æ–6Vç6R#¢$Ô•B"ÀÐ¢&FWVæFVæ6–W2#¢°Ð¢'v÷&¶&÷‚Ö6÷&R#¢#rãBã Ð¢ÐÐ¢ÒÀÐ¢&æöFUöÖöGVÆW2÷v÷&¶&÷‚Ö6÷&R#¢°Ð¢'fW'6–öâ#¢#rãBã"ÀÐ¢'&W6öÇfVB#¢&‡GG3¢ò÷&Vv—7G'’æçÖ§2æ÷&r÷v÷&¶&÷‚Ö6÷&RòÒ÷v÷&¶&÷‚Ö6÷&RÓrãBãçFw¢"ÀÐ¢&–çFVw&—G’#¢'6†S"ÔEB·gSCfV‚ó'e'54…E“E†Ö33%£'#•&ÅU‡#Gƒ3§U…%wt÷7e¦tvv7w†67V%ÅÖ%Då•¦§cCDÆ´$GECWEÓÒ"ÀÐ¢&FWb#¢G'VRÀÐ¢&Æ–6Vç6R#¢$Ô•B Ð¢ÒÀÐ¢&æöFUöÖöGVÆW2÷v÷&¶&÷‚ÖW‡—&F–öâ#¢°Ð¢'fW'6–öâ#¢#rãBã"ÀÐ¢'&W6öÇfVB#¢&‡GG3¢ò÷&Vv—7G'’æçÖ§2æ÷&r÷v÷&¶&÷‚ÖW‡—&F–öâòÒ÷v÷&¶&÷‚ÖW‡—&F–öâÓrãBãçFw¢"ÀÐ¢&–çFVw&—G’#¢'6†S"ÖÅ$µTcv"´ôv&U†µ³3dÔ…„ö6Cu‡†ctöc3sf3f„6f—d——'FEu£ƒ—7G#…¤Öôsudäfô‡Ç“D÷‚·%S3EvsÓÒ"ÀÐ¢&FWb#¢G'VRÀÐ¢&Æ–6Vç6R#¢$Ô•B"ÀÐ¢&FWVæFVæ6–W2#¢°Ð¢&–F"#¢%ãrãã"ÀÐ¢'v÷&¶&÷‚Ö6÷&R#¢#rãBã Ð¢ÐÐ¢ÒÀÐ¢&æöFUöÖöGVÆW2÷v÷&¶&÷‚×&V66†–ær#¢°Ð¢'fW'6–öâ#¢#rãBã"ÀÐ¢'&W6öÇfVB#¢&‡GG3¢ò÷&Vv—7G'’æçÖ§2æ÷&r÷v÷&¶&÷‚×&V66†–æròÒ÷v÷&¶&÷‚×&V66†–ærÓrãBãçFw¢"ÀÐ¢&–çFVw&—G’#¢'6†S"Ö6G"ó—'—wsw—¤Ww¦r÷“GVµW'$æ¥Ætâ´ôå'§’õgu‡v¶t‡w#¶·4t¤³‡cf–gtE„&#†F5tå¤ƒs¦ã5ÓÒ"ÀÐ¢&FWb#¢G'VRÀÐ¢&Æ–6Vç6R#¢$Ô•B"ÀÐ¢&FWVæFVæ6–W2#¢°Ð¢'v÷&¶&÷‚Ö6÷&R#¢#rãBã"ÀÐ¢'v÷&¶&÷‚×&÷WF–ær#¢#rãBã"ÀÐ¢'v÷&¶&÷‚×7G&FVv–W2#¢#rãBã Ð¢ÐÐ¢ÒÀÐ¢&æöFUöÖöGVÆW2÷v÷&¶&÷‚×&ævR×&WVW7G2#¢°Ð¢'fW'6–öâ#¢#rãBã"ÀÐ¢'&W6öÇfVB#¢&‡GG3¢ò÷&Vv—7G'’æçÖ§2æ÷&r÷v÷&¶&÷‚×&ævR×&WVW7G2òÒ÷v÷&¶&÷‚×&ævR×&WVW7G2ÓrãBãçFw¢"ÀÐ¢&–çFVw&—G’#¢'6†S"Óv“&÷„TSƒ&t†D¤$4D§¤äöE%§T÷¤vfõW”§e6ÖW$å”u$ƒ„uõ¥UFg´ç–7w$C$ƒc…gGTc‡‡ceÓÒ"ÀÐ¢&FWb#¢G'VRÀÐ¢&Æ–6Vç6R#¢$Ô•B"ÀÐ¢&FWVæFVæ6–W2#¢°Ð¢'v÷&¶&÷‚Ö6÷&R#¢#rãBã Ð¢ÐÐ¢ÒÀÐ¢&æöFUöÖöGVÆW2÷v÷&¶&÷‚×&÷WF–ær#¢°Ð¢'fW'6–öâ#¢#rãBã"ÀÐ¢'&W6öÇfVB#¢&‡GG3¢ò÷&Vv—7G'’æçÖ§2æ÷&r÷v÷&¶&÷‚×&÷WF–æròÒ÷v÷&¶&÷‚×&÷WF–ærÓrãBãçFw¢"ÀÐ¢&–çFVw&—G’#¢'6†S"×—V$¤tW%¤÷W7V–DVæÃW—f…öwW'…öc„Sw3te#C3•&•u…Ut$•V¶ÕVôôÂô&5vVã6ƒ£ƒƒs&CS•—‡DÓÒ"ÀÐ¢&FWb#¢G'VRÀÐ¢&Æ–6Vç6R#¢$Ô•B"ÀÐ¢&FWVæFVæ6–W2#¢°Ð¢'v÷&¶&÷‚Ö6÷&R#¢#rãBã Ð¢ÐÐ¢ÒÀÐ¢&æöFUöÖöGVÆW2÷v÷&¶&÷‚×7G&FVv–W2#¢°Ð¢'fW'6–öâ#¢#rãBã"ÀÐ¢'&W6öÇfVB#¢&‡GG3¢ò÷&Vv—7G'’æçÖ§2æ÷&r÷v÷&¶&÷‚×7G&FVv–W2òÒ÷v÷&¶&÷‚×7G&FVv–W2ÓrãBãçFw¢"ÀÐ¢&–çFVw&—G’#¢'6†S"Ôu§‡s”æ&ÔöVÆ£sccwU£&·³T$gôv$óEƒ§vƒVÇ3……„2´Æ†TÅ6…F•W§5De52´æÅWgE””õe‡eW&7õÓÒ"ÀÐ¢&FWb#¢G'VRÀÐ¢&Æ–6Vç6R#¢$Ô•B"ÀÐ¢&FWVæFVæ6–W2#¢°Ð¢'v÷&¶&÷‚Ö6÷&R#¢#rãBã Ð¢ÐÐ¢ÐÐ¢ÐÐ§ÐÐ 